
Microsoft Visual Studio Solution File, Format Version 12.00
# Visual Studio Version 17
VisualStudioVersion = 17.0.31903.59
MinimumVisualStudioVersion = 10.0.40219.1
Project("{2150E333-8FDC-42A3-9474-1A3956D46DE8}") = "src", "src", "{28B1FD09-BB10-4F67-9873-EFE25EACA837}"
EndProject
Project("{FAE04EC0-301F-11D3-BF4B-00C04F79EFBC}") = "Lab2", "src\Lab2\Lab2.csproj", "{A6872FB0-6BFE-45D0-A505-53D102DD9FD9}"
EndProject
Project("{FAE04EC0-301F-11D3-BF4B-00C04F79EFBC}") = "Lab3", "src\Lab3\Lab3.csproj", "{7BE20BFF-1437-4B94-94E3-B4CF4F7EBB27}"
EndProject
Project("{FAE04EC0-301F-11D3-BF4B-00C04F79EFBC}") = "Lab3Console", "src\Lab3Console\Lab3Console.csproj", "{1FF7707B-9D13-49B7-9440-36645A2D5975}"
EndProject
Project("{FAE04EC0-301F-11D3-BF4B-00C04F79EFBC}") = "Lab4Console", "src\Lab4Console\Lab4Console.csproj", "{C06CC89A-8BA8-42BC-9127-4EB194291CFE}"
EndProject
Project("{FAE04EC0-301F-11D3-BF4B-00C04F79EFBC}") = "Lab4", "src\Lab4\Lab4.csproj", "{B7CD7E38-066A-4F11-9C8A-C3C40384731D}"
EndProject
Project("{2150E333-8FDC-42A3-9474-1A3956D46DE8}") = "Lab5", "Lab5", "{97B92736-6689-43FD-B645-71536561549F}"
EndProject
Project("{2150E333-8FDC-42A3-9474-1A3956D46DE8}") = "Application", "Application", "{7E40259A-D5CB-426E-A59E-73F315DBCDA2}"
EndProject
Project("{FAE04EC0-301F-11D3-BF4B-00C04F79EFBC}") = "Lab5.Application", "src\Lab5\Application\Lab5.Application\Lab5.Application.csproj", "{E06ADC7A-7A3E-4A86-8B14-D7ADA0506162}"
EndProject
Project("{FAE04EC0-301F-11D3-BF4B-00C04F79EFBC}") = "Lab5.Application.Abstractions", "src\Lab5\Application\Lab5.Application.Abstractions\Lab5.Application.Abstractions.csproj", "{E37FE4DF-E68B-4917-BD7D-89A7D6A4D913}"
EndProject
Project("{FAE04EC0-301F-11D3-BF4B-00C04F79EFBC}") = "Lab5.Application.Contracts", "src\Lab5\Application\Lab5.Application.Contracts\Lab5.Application.Contracts.csproj", "{2C5C25D2-9662-491B-9E2C-8C48E5CA23DD}"
EndProject
Project("{FAE04EC0-301F-11D3-BF4B-00C04F79EFBC}") = "Lab5.Application.Models", "src\Lab5\Application\Lab5.Application.Models\Lab5.Application.Models.csproj", "{69D4E4F5-CE58-47BB-92AF-ADC4B730A570}"
EndProject
Project("{2150E333-8FDC-42A3-9474-1A3956D46DE8}") = "Infrastructure", "Infrastructure", "{D5CC7B5B-28B0-4DB3-A342-669258E7D832}"
EndProject
Project("{FAE04EC0-301F-11D3-BF4B-00C04F79EFBC}") = "Lab5.Infrastructure.DataAccess", "src\Lab5\Infrastructure\Lab5.Infrastructure.DataAccess\Lab5.Infrastructure.DataAccess.csproj", "{BE3E3316-56C6-425E-9F21-8C6159793E72}"
EndProject
Project("{FAE04EC0-301F-11D3-BF4B-00C04F79EFBC}") = "Lab5Console", "src\Lab5\Lab5Console\Lab5Console.csproj", "{2466A73D-5EBB-4F6D-B105-154EDAAEFE3B}"
EndProject
Project("{2150E333-8FDC-42A3-9474-1A3956D46DE8}") = "Presentation", "Presentation", "{A06F1EF5-DF19-4273-99C4-47F4D689C551}"
EndProject
Project("{FAE04EC0-301F-11D3-BF4B-00C04F79EFBC}") = "Lab5.Presentation.Console", "src\Lab5\Presentation\Lab5.Presentation.Console\Lab5.Presentation.Console.csproj", "{426DEC45-D29B-4E10-B3DD-A82527A31D01}"
EndProject
Project("{2150E333-8FDC-42A3-9474-1A3956D46DE8}") = "tests", "tests", "{0CA47002-00BB-4C84-88AA-785E7B9C3DD7}"
EndProject
Project("{FAE04EC0-301F-11D3-BF4B-00C04F79EFBC}") = "Lab2.Tests", "tests\Lab2.Tests\Lab2.Tests.csproj", "{A3B96B9B-DB4F-4726-BE7C-B33745494C3B}"
EndProject
Project("{FAE04EC0-301F-11D3-BF4B-00C04F79EFBC}") = "Lab3.Tests", "tests\Lab3.Tests\Lab3.Tests.csproj", "{FF3C67CE-A661-4909-95AF-FB5B7BB08388}"
EndProject
Project("{FAE04EC0-301F-11D3-BF4B-00C04F79EFBC}") = "Lab4.Tests", "tests\Lab4.Tests\Lab4.Tests.csproj", "{0971F6B0-9ABA-4E9E-B595-281D03D42CFD}"
EndProject
Project("{FAE04EC0-301F-11D3-BF4B-00C04F79EFBC}") = "Lab5.Tests", "tests\Lab5.Tests\Lab5.Tests.csproj", "{C6CE489A-849D-4FC0-A8C0-B44FB7F64371}"
EndProject
Global
	GlobalSection(SolutionConfigurationPlatforms) = preSolution
		Debug|Any CPU = Debug|Any CPU
		Release|Any CPU = Release|Any CPU
	EndGlobalSection
	GlobalSection(SolutionProperties) = preSolution
		HideSolutionNode = FALSE
	EndGlobalSection
	GlobalSection(ProjectConfigurationPlatforms) = postSolution
		{A6872FB0-6BFE-45D0-A505-53D102DD9FD9}.Debug|Any CPU.ActiveCfg = Debug|Any CPU
		{A6872FB0-6BFE-45D0-A505-53D102DD9FD9}.Debug|Any CPU.Build.0 = Debug|Any CPU
		{A6872FB0-6BFE-45D0-A505-53D102DD9FD9}.Release|Any CPU.ActiveCfg = Release|Any CPU
		{A6872FB0-6BFE-45D0-A505-53D102DD9FD9}.Release|Any CPU.Build.0 = Release|Any CPU
		{7BE20BFF-1437-4B94-94E3-B4CF4F7EBB27}.Debug|Any CPU.ActiveCfg = Debug|Any CPU
		{7BE20BFF-1437-4B94-94E3-B4CF4F7EBB27}.Debug|Any CPU.Build.0 = Debug|Any CPU
		{7BE20BFF-1437-4B94-94E3-B4CF4F7EBB27}.Release|Any CPU.ActiveCfg = Release|Any CPU
		{7BE20BFF-1437-4B94-94E3-B4CF4F7EBB27}.Release|Any CPU.Build.0 = Release|Any CPU
		{1FF7707B-9D13-49B7-9440-36645A2D5975}.Debug|Any CPU.ActiveCfg = Debug|Any CPU
		{1FF7707B-9D13-49B7-9440-36645A2D5975}.Debug|Any CPU.Build.0 = Debug|Any CPU
		{1FF7707B-9D13-49B7-9440-36645A2D5975}.Release|Any CPU.ActiveCfg = Release|Any CPU
		{1FF7707B-9D13-49B7-9440-36645A2D5975}.Release|Any CPU.Build.0 = Release|Any CPU
		{C06CC89A-8BA8-42BC-9127-4EB194291CFE}.Debug|Any CPU.ActiveCfg = Debug|Any CPU
		{C06CC89A-8BA8-42BC-9127-4EB194291CFE}.Debug|Any CPU.Build.0 = Debug|Any CPU
		{C06CC89A-8BA8-42BC-9127-4EB194291CFE}.Release|Any CPU.ActiveCfg = Release|Any CPU
		{C06CC89A-8BA8-42BC-9127-4EB194291CFE}.Release|Any CPU.Build.0 = Release|Any CPU
		{B7CD7E38-066A-4F11-9C8A-C3C40384731D}.Debug|Any CPU.ActiveCfg = Debug|Any CPU
		{B7CD7E38-066A-4F11-9C8A-C3C40384731D}.Debug|Any CPU.Build.0 = Debug|Any CPU
		{B7CD7E38-066A-4F11-9C8A-C3C40384731D}.Release|Any CPU.ActiveCfg = Release|Any CPU
		{B7CD7E38-066A-4F11-9C8A-C3C40384731D}.Release|Any CPU.Build.0 = Release|Any CPU
		{E06ADC7A-7A3E-4A86-8B14-D7ADA0506162}.Debug|Any CPU.ActiveCfg = Debug|Any CPU
		{E06ADC7A-7A3E-4A86-8B14-D7ADA0506162}.Debug|Any CPU.Build.0 = Debug|Any CPU
		{E06ADC7A-7A3E-4A86-8B14-D7ADA0506162}.Release|Any CPU.ActiveCfg = Release|Any CPU
		{E06ADC7A-7A3E-4A86-8B14-D7ADA0506162}.Release|Any CPU.Build.0 = Release|Any CPU
		{E37FE4DF-E68B-4917-BD7D-89A7D6A4D913}.Debug|Any CPU.ActiveCfg = Debug|Any CPU
		{E37FE4DF-E68B-4917-BD7D-89A7D6A4D913}.Debug|Any CPU.Build.0 = Debug|Any CPU
		{E37FE4DF-E68B-4917-BD7D-89A7D6A4D913}.Release|Any CPU.ActiveCfg = Release|Any CPU
		{E37FE4DF-E68B-4917-BD7D-89A7D6A4D913}.Release|Any CPU.Build.0 = Release|Any CPU
		{2C5C25D2-9662-491B-9E2C-8C48E5CA23DD}.Debug|Any CPU.ActiveCfg = Debug|Any CPU
		{2C5C25D2-9662-491B-9E2C-8C48E5CA23DD}.Debug|Any CPU.Build.0 = Debug|Any CPU
		{2C5C25D2-9662-491B-9E2C-8C48E5CA23DD}.Release|Any CPU.ActiveCfg = Release|Any CPU
		{2C5C25D2-9662-491B-9E2C-8C48E5CA23DD}.Release|Any CPU.Build.0 = Release|Any CPU
		{69D4E4F5-CE58-47BB-92AF-ADC4B730A570}.Debug|Any CPU.ActiveCfg = Debug|Any CPU
		{69D4E4F5-CE58-47BB-92AF-ADC4B730A570}.Debug|Any CPU.Build.0 = Debug|Any CPU
		{69D4E4F5-CE58-47BB-92AF-ADC4B730A570}.Release|Any CPU.ActiveCfg = Release|Any CPU
		{69D4E4F5-CE58-47BB-92AF-ADC4B730A570}.Release|Any CPU.Build.0 = Release|Any CPU
		{BE3E3316-56C6-425E-9F21-8C6159793E72}.Debug|Any CPU.ActiveCfg = Debug|Any CPU
		{BE3E3316-56C6-425E-9F21-8C6159793E72}.Debug|Any CPU.Build.0 = Debug|Any CPU
		{BE3E3316-56C6-425E-9F21-8C6159793E72}.Release|Any CPU.ActiveCfg = Release|Any CPU
		{BE3E3316-56C6-425E-9F21-8C6159793E72}.Release|Any CPU.Build.0 = Release|Any CPU
		{2466A73D-5EBB-4F6D-B105-154EDAAEFE3B}.Debug|Any CPU.ActiveCfg = Debug|Any CPU
		{2466A73D-5EBB-4F6D-B105-154EDAAEFE3B}.Debug|Any CPU.Build.0 = Debug|Any CPU
		{2466A73D-5EBB-4F6D-B105-154EDAAEFE3B}.Release|Any CPU.ActiveCfg = Release|Any CPU
		{2466A73D-5EBB-4F6D-B105-154EDAAEFE3B}.Release|Any CPU.Build.0 = Release|Any CPU
		{426DEC45-D29B-4E10-B3DD-A82527A31D01}.Debug|Any CPU.ActiveCfg = Debug|Any CPU
		{426DEC45-D29B-4E10-B3DD-A82527A31D01}.Debug|Any CPU.Build.0 = Debug|Any CPU
		{426DEC45-D29B-4E10-B3DD-A82527A31D01}.Release|Any CPU.ActiveCfg = Release|Any CPU
		{426DEC45-D29B-4E10-B3DD-A82527A31D01}.Release|Any CPU.Build.0 = Release|Any CPU
		{A3B96B9B-DB4F-4726-BE7C-B33745494C3B}.Debug|Any CPU.ActiveCfg = Debug|Any CPU
		{A3B96B9B-DB4F-4726-BE7C-B33745494C3B}.Debug|Any CPU.Build.0 = Debug|Any CPU
		{A3B96B9B-DB4F-4726-BE7C-B33745494C3B}.Release|Any CPU.ActiveCfg = Release|Any CPU
		{A3B96B9B-DB4F-4726-BE7C-B33745494C3B}.Release|Any CPU.Build.0 = Release|Any CPU
		{FF3C67CE-A661-4909-95AF-FB5B7BB08388}.Debug|Any CPU.ActiveCfg = Debug|Any CPU
		{FF3C67CE-A661-4909-95AF-FB5B7BB08388}.Debug|Any CPU.Build.0 = Debug|Any CPU
		{FF3C67CE-A661-4909-95AF-FB5B7BB08388}.Release|Any CPU.ActiveCfg = Release|Any CPU
		{FF3C67CE-A661-4909-95AF-FB5B7BB08388}.Release|Any CPU.Build.0 = Release|Any CPU
		{0971F6B0-9ABA-4E9E-B595-281D03D42CFD}.Debug|Any CPU.ActiveCfg = Debug|Any CPU
		{0971F6B0-9ABA-4E9E-B595-281D03D42CFD}.Debug|Any CPU.Build.0 = Debug|Any CPU
		{0971F6B0-9ABA-4E9E-B595-281D03D42CFD}.Release|Any CPU.ActiveCfg = Release|Any CPU
		{0971F6B0-9ABA-4E9E-B595-281D03D42CFD}.Release|Any CPU.Build.0 = Release|Any CPU
		{C6CE489A-849D-4FC0-A8C0-B44FB7F64371}.Debug|Any CPU.ActiveCfg = Debug|Any CPU
		{C6CE489A-849D-4FC0-A8C0-B44FB7F64371}.Debug|Any CPU.Build.0 = Debug|Any CPU
		{C6CE489A-849D-4FC0-A8C0-B44FB7F64371}.Release|Any CPU.ActiveCfg = Release|Any CPU
		{C6CE489A-849D-4FC0-A8C0-B44FB7F64371}.Release|Any CPU.Build.0 = Release|Any CPU
	EndGlobalSection
	GlobalSection(NestedProjects) = preSolution
		{A6872FB0-6BFE-45D0-A505-53D102DD9FD9} = {28B1FD09-BB10-4F67-9873-EFE25EACA837}
		{7BE20BFF-1437-4B94-94E3-B4CF4F7EBB27} = {28B1FD09-BB10-4F67-9873-EFE25EACA837}
		{1FF7707B-9D13-49B7-9440-36645A2D5975} = {28B1FD09-BB10-4F67-9873-EFE25EACA837}
		{C06CC89A-8BA8-42BC-9127-4EB194291CFE} = {28B1FD09-BB10-4F67-9873-EFE25EACA837}
		{B7CD7E38-066A-4F11-9C8A-C3C40384731D} = {28B1FD09-BB10-4F67-9873-EFE25EACA837}
		{97B92736-6689-43FD-B645-71536561549F} = {28B1FD09-BB10-4F67-9873-EFE25EACA837}
		{7E40259A-D5CB-426E-A59E-73F315DBCDA2} = {97B92736-6689-43FD-B645-71536561549F}
		{E06ADC7A-7A3E-4A86-8B14-D7ADA0506162} = {7E40259A-D5CB-426E-A59E-73F315DBCDA2}
		{E37FE4DF-E68B-4917-BD7D-89A7D6A4D913} = {7E40259A-D5CB-426E-A59E-73F315DBCDA2}
		{2C5C25D2-9662-491B-9E2C-8C48E5CA23DD} = {7E40259A-D5CB-426E-A59E-73F315DBCDA2}
		{69D4E4F5-CE58-47BB-92AF-ADC4B730A570} = {7E40259A-D5CB-426E-A59E-73F315DBCDA2}
		{D5CC7B5B-28B0-4DB3-A342-669258E7D832} = {97B92736-6689-43FD-B645-71536561549F}
		{BE3E3316-56C6-425E-9F21-8C6159793E72} = {D5CC7B5B-28B0-4DB3-A342-669258E7D832}
		{2466A73D-5EBB-4F6D-B105-154EDAAEFE3B} = {97B92736-6689-43FD-B645-71536561549F}
		{A06F1EF5-DF19-4273-99C4-47F4D689C551} = {97B92736-6689-43FD-B645-71536561549F}
		{426DEC45-D29B-4E10-B3DD-A82527A31D01} = {A06F1EF5-DF19-4273-99C4-47F4D689C551}
		{A3B96B9B-DB4F-4726-BE7C-B33745494C3B} = {0CA47002-00BB-4C84-88AA-785E7B9C3DD7}
		{FF3C67CE-A661-4909-95AF-FB5B7BB08388} = {0CA47002-00BB-4C84-88AA-785E7B9C3DD7}
		{0971F6B0-9ABA-4E9E-B595-281D03D42CFD} = {0CA47002-00BB-4C84-88AA-785E7B9C3DD7}
		{C6CE489A-849D-4FC0-A8C0-B44FB7F64371} = {0CA47002-00BB-4C84-88AA-785E7B9C3DD7}
	EndGlobalSection
EndGlobal
